
Microsoft Visual Studio Solution File, Format Version 12.00
# Visual Studio 2017
Project("{FAE04EC0-301F-11D3-BF4B-00C04F79EFBC}") = "Tetris_Thing", "Tetris_Thing.csproj", "{FCE724C1-868B-FC71-4661-57E5C6DF2014}"
EndProject
Global
	GlobalSection(SolutionConfigurationPlatforms) = preSolution
		Debug|Any CPU = Debug|Any CPU
		Release|Any CPU = Release|Any CPU
	EndGlobalSection
	GlobalSection(ProjectConfigurationPlatforms) = postSolution
		{FCE724C1-868B-FC71-4661-57E5C6DF2014}.Debug|Any CPU.ActiveCfg = Debug|Any CPU
		{FCE724C1-868B-FC71-4661-57E5C6DF2014}.Debug|Any CPU.Build.0 = Debug|Any CPU
		{FCE724C1-868B-FC71-4661-57E5C6DF2014}.Release|Any CPU.ActiveCfg = Release|Any CPU
		{FCE724C1-868B-FC71-4661-57E5C6DF2014}.Release|Any CPU.Build.0 = Release|Any CPU
	EndGlobalSection
	GlobalSection(SolutionProperties) = preSolution
		HideSolutionNode = FALSE
	EndGlobalSection
EndGlobal
